
Microsoft Visual Studio Solution File, Format Version 12.00
# Visual Studio Version 17
VisualStudioVersion = 17.14.36401.2 d17.14
MinimumVisualStudioVersion = 10.0.40219.1
Project("{FAE04EC0-301F-11D3-BF4B-00C04F79EFBC}") = "API", "API\API.csproj", "{C9421990-2A22-4714-A007-55F06E1BC271}"
EndProject
Project("{FAE04EC0-301F-11D3-BF4B-00C04F79EFBC}") = "BLL", "BLL\BLL.csproj", "{2F1F74ED-14A6-4247-9D52-410FC8490CDF}"
EndProject
Project("{FAE04EC0-301F-11D3-BF4B-00C04F79EFBC}") = "DAL", "DAL\DAL.csproj", "{830AC2EB-1CAE-4D63-96DA-C36E8E3B9323}"
EndProject
Global
	GlobalSection(SolutionConfigurationPlatforms) = preSolution
		Debug|Any CPU = Debug|Any CPU
		Release|Any CPU = Release|Any CPU
	EndGlobalSection
	GlobalSection(ProjectConfigurationPlatforms) = postSolution
		{C9421990-2A22-4714-A007-55F06E1BC271}.Debug|Any CPU.ActiveCfg = Debug|Any CPU
		{C9421990-2A22-4714-A007-55F06E1BC271}.Debug|Any CPU.Build.0 = Debug|Any CPU
		{C9421990-2A22-4714-A007-55F06E1BC271}.Release|Any CPU.ActiveCfg = Release|Any CPU
		{C9421990-2A22-4714-A007-55F06E1BC271}.Release|Any CPU.Build.0 = Release|Any CPU
		{2F1F74ED-14A6-4247-9D52-410FC8490CDF}.Debug|Any CPU.ActiveCfg = Debug|Any CPU
		{2F1F74ED-14A6-4247-9D52-410FC8490CDF}.Debug|Any CPU.Build.0 = Debug|Any CPU
		{2F1F74ED-14A6-4247-9D52-410FC8490CDF}.Release|Any CPU.ActiveCfg = Release|Any CPU
		{2F1F74ED-14A6-4247-9D52-410FC8490CDF}.Release|Any CPU.Build.0 = Release|Any CPU
		{830AC2EB-1CAE-4D63-96DA-C36E8E3B9323}.Debug|Any CPU.ActiveCfg = Debug|Any CPU
		{830AC2EB-1CAE-4D63-96DA-C36E8E3B9323}.Debug|Any CPU.Build.0 = Debug|Any CPU
		{830AC2EB-1CAE-4D63-96DA-C36E8E3B9323}.Release|Any CPU.ActiveCfg = Release|Any CPU
		{830AC2EB-1CAE-4D63-96DA-C36E8E3B9323}.Release|Any CPU.Build.0 = Release|Any CPU
	EndGlobalSection
	GlobalSection(SolutionProperties) = preSolution
		HideSolutionNode = FALSE
	EndGlobalSection
	GlobalSection(ExtensibilityGlobals) = postSolution
		SolutionGuid = {03830EC6-52AB-471D-B595-3C55344FDE91}
	EndGlobalSection
EndGlobal
